
Microsoft Visual Studio Solution File, Format Version 12.00
# Visual Studio Version 17
VisualStudioVersion = 17.9.34728.123
MinimumVisualStudioVersion = 10.0.40219.1
Project("{9A19103F-16F7-4668-BE54-9A1E7A4F7556}") = "CUESpliterX", "CUESpliterX\CUESpliterX.csproj", "{F6965873-756F-4F1A-A63F-33AB9ACBF392}"
EndProject
Global
	GlobalSection(SolutionConfigurationPlatforms) = preSolution
		Debug|Any CPU = Debug|Any CPU
		Release|Any CPU = Release|Any CPU
	EndGlobalSection
	GlobalSection(ProjectConfigurationPlatforms) = postSolution
		{F6965873-756F-4F1A-A63F-33AB9ACBF392}.Debug|Any CPU.ActiveCfg = Debug|Any CPU
		{F6965873-756F-4F1A-A63F-33AB9ACBF392}.Debug|Any CPU.Build.0 = Debug|Any CPU
		{F6965873-756F-4F1A-A63F-33AB9ACBF392}.Release|Any CPU.ActiveCfg = Release|Any CPU
		{F6965873-756F-4F1A-A63F-33AB9ACBF392}.Release|Any CPU.Build.0 = Release|Any CPU
	EndGlobalSection
	GlobalSection(SolutionProperties) = preSolution
		HideSolutionNode = FALSE
	EndGlobalSection
	GlobalSection(ExtensibilityGlobals) = postSolution
		SolutionGuid = {3380AC57-A3B7-4C79-A1D9-F07DD9420616}
	EndGlobalSection
EndGlobal
